
Microsoft Visual Studio Solution File, Format Version 12.00
# Visual Studio 2012
Project("{FAE04EC0-301F-11D3-BF4B-00C04F79EFBC}") = "homework-04", "homework-04\homework-04.csproj", "{0ECE0711-7C92-405B-B4C3-579A0B61FDDF}"
EndProject
Global
	GlobalSection(SolutionConfigurationPlatforms) = preSolution
		Debug|Any CPU = Debug|Any CPU
		Release|Any CPU = Release|Any CPU
	EndGlobalSection
	GlobalSection(ProjectConfigurationPlatforms) = postSolution
		{0ECE0711-7C92-405B-B4C3-579A0B61FDDF}.Debug|Any CPU.ActiveCfg = Debug|Any CPU
		{0ECE0711-7C92-405B-B4C3-579A0B61FDDF}.Debug|Any CPU.Build.0 = Debug|Any CPU
		{0ECE0711-7C92-405B-B4C3-579A0B61FDDF}.Release|Any CPU.ActiveCfg = Release|Any CPU
		{0ECE0711-7C92-405B-B4C3-579A0B61FDDF}.Release|Any CPU.Build.0 = Release|Any CPU
	EndGlobalSection
	GlobalSection(SolutionProperties) = preSolution
		HideSolutionNode = FALSE
	EndGlobalSection
EndGlobal
